// !$*UTF8*$!
{
	archiveVersion = 1;
	classes = {
	};
	objectVersion = 55;
	objects = {

/* Begin PBXBuildFile section */
		C3DB8FC627660904008EB57D /* AppDelegate.swift in Sources */ = {isa = PBXBuildFile; fileRef = C3DB8FC527660904008EB57D /* AppDelegate.swift */; };
		C3DB8FC827660904008EB57D /* SceneDelegate.swift in Sources */ = {isa = PBXBuildFile; fileRef = C3DB8FC727660904008EB57D /* SceneDelegate.swift */; };
		C3DB8FCA27660904008EB57D /* ViewController.swift in Sources */ = {isa = PBXBuildFile; fileRef = C3DB8FC927660904008EB57D /* ViewController.swift */; };
		C3DB8FCD27660904008EB57D /* Main.storyboard in Resources */ = {isa = PBXBuildFile; fileRef = C3DB8FCB27660904008EB57D /* Main.storyboard */; };
		C3DB8FCF27660909008EB57D /* Assets.xcassets in Resources */ = {isa = PBXBuildFile; fileRef = C3DB8FCE27660909008EB57D /* Assets.xcassets */; };
		C3DB8FD227660909008EB57D /* LaunchScreen.storyboard in Resources */ = {isa = PBXBuildFile; fileRef = C3DB8FD027660909008EB57D /* LaunchScreen.storyboard */; };
		C3DB8FDD27660909008EB57D /* North_East_South_WestTests.swift in Sources */ = {isa = PBXBuildFile; fileRef = C3DB8FDC27660909008EB57D /* North_East_South_WestTests.swift */; };
		C3DB8FE727660909008EB57D /* North_East_South_WestUITests.swift in Sources */ = {isa = PBXBuildFile; fileRef = C3DB8FE627660909008EB57D /* North_East_South_WestUITests.swift */; };
		C3DB8FE927660909008EB57D /* North_East_South_WestUITestsLaunchTests.swift in Sources */ = {isa = PBXBuildFile; fileRef = C3DB8FE827660909008EB57D /* North_East_South_WestUITestsLaunchTests.swift */; };
/* End PBXBuildFile section */

/* Begin PBXContainerItemProxy section */
		C3DB8FD927660909008EB57D /* PBXContainerItemProxy */ = {
			isa = PBXContainerItemProxy;
			containerPortal = C3DB8FBA27660904008EB57D /* Project object */;
			proxyType = 1;
			remoteGlobalIDString = C3DB8FC127660904008EB57D;
			remoteInfo = "North East South West";
		};
		C3DB8FE327660909008EB57D /* PBXContainerItemProxy */ = {
			isa = PBXContainerItemProxy;
			containerPortal = C3DB8FBA27660904008EB57D /* Project object */;
			proxyType = 1;
			remoteGlobalIDString = C3DB8FC127660904008EB57D;
			remoteInfo = "North East South West";
		};
/* End PBXContainerItemProxy section */

/* Begin PBXFileReference section */
		C3DB8FC227660904008EB57D /* North East South West.app */ = {isa = PBXFileReference; explicitFileType = wrapper.application; includeInIndex = 0; path = "North East South West.app"; sourceTree = BUILT_PRODUCTS_DIR; };
		C3DB8FC527660904008EB57D /* AppDelegate.swift */ = {isa = PBXFileReference; lastKnownFileType = sourcecode.swift; path = AppDelegate.swift; sourceTree = "<group>"; };
		C3DB8FC727660904008EB57D /* SceneDelegate.swift */ = {isa = PBXFileReference; lastKnownFileType = sourcecode.swift; path = SceneDelegate.swift; sourceTree = "<group>"; };
		C3DB8FC927660904008EB57D /* ViewController.swift */ = {isa = PBXFileReference; lastKnownFileType = sourcecode.swift; path = ViewController.swift; sourceTree = "<group>"; };
		C3DB8FCC27660904008EB57D /* Base */ = {isa = PBXFileReference; lastKnownFileType = file.storyboard; name = Base; path = Base.lproj/Main.storyboard; sourceTree = "<group>"; };
		C3DB8FCE27660909008EB57D /* Assets.xcassets */ = {isa = PBXFileReference; lastKnownFileType = folder.assetcatalog; path = Assets.xcassets; sourceTree = "<group>"; };
		C3DB8FD127660909008EB57D /* Base */ = {isa = PBXFileReference; lastKnownFileType = file.storyboard; name = Base; path = Base.lproj/LaunchScreen.storyboard; sourceTree = "<group>"; };
		C3DB8FD327660909008EB57D /* Info.plist */ = {isa = PBXFileReference; lastKnownFileType = text.plist.xml; path = Info.plist; sourceTree = "<group>"; };
		C3DB8FD827660909008EB57D /* North East South WestTests.xctest */ = {isa = PBXFileReference; explicitFileType = wrapper.cfbundle; includeInIndex = 0; path = "North East South WestTests.xctest"; sourceTree = BUILT_PRODUCTS_DIR; };
		C3DB8FDC27660909008EB57D /* North_East_South_WestTests.swift */ = {isa = PBXFileReference; lastKnownFileType = sourcecode.swift; path = North_East_South_WestTests.swift; sourceTree = "<group>"; };
		C3DB8FE227660909008EB57D /* North East South WestUITests.xctest */ = {isa = PBXFileReference; explicitFileType = wrapper.cfbundle; includeInIndex = 0; path = "North East South WestUITests.xctest"; sourceTree = BUILT_PRODUCTS_DIR; };
		C3DB8FE627660909008EB57D /* North_East_South_WestUITests.swift */ = {isa = PBXFileReference; lastKnownFileType = sourcecode.swift; path = North_East_South_WestUITests.swift; sourceTree = "<group>"; };
		C3DB8FE827660909008EB57D /* North_East_South_WestUITestsLaunchTests.swift */ = {isa = PBXFileReference; lastKnownFileType = sourcecode.swift; path = North_East_South_WestUITestsLaunchTests.swift; sourceTree = "<group>"; };
/* End PBXFileReference section */

/* Begin PBXFrameworksBuildPhase section */
		C3DB8FBF27660904008EB57D /* Frameworks */ = {
			isa = PBXFrameworksBuildPhase;
			buildActionMask = 2147483647;
			files = (
			);
			runOnlyForDeploymentPostprocessing = 0;
		};
		C3DB8FD527660909008EB57D /* Frameworks */ = {
			isa = PBXFrameworksBuildPhase;
			buildActionMask = 2147483647;
			files = (
			);
			runOnlyForDeploymentPostprocessing = 0;
		};
		C3DB8FDF27660909008EB57D /* Frameworks */ = {
			isa = PBXFrameworksBuildPhase;
			buildActionMask = 2147483647;
			files = (
			);
			runOnlyForDeploymentPostprocessing = 0;
		};
/* End PBXFrameworksBuildPhase section */

/* Begin PBXGroup section */
		C3DB8FB927660904008EB57D = {
			isa = PBXGroup;
			children = (
				C3DB8FC427660904008EB57D /* North East South West */,
				C3DB8FDB27660909008EB57D /* North East South WestTests */,
				C3DB8FE527660909008EB57D /* North East South WestUITests */,
				C3DB8FC327660904008EB57D /* Products */,
			);
			sourceTree = "<group>";
		};
		C3DB8FC327660904008EB57D /* Products */ = {
			isa = PBXGroup;
			children = (
				C3DB8FC227660904008EB57D /* North East South West.app */,
				C3DB8FD827660909008EB57D /* North East South WestTests.xctest */,
				C3DB8FE227660909008EB57D /* North East South WestUITests.xctest */,
			);
			name = Products;
			sourceTree = "<group>";
		};
		C3DB8FC427660904008EB57D /* North East South West */ = {
			isa = PBXGroup;
			children = (
				C3DB8FC527660904008EB57D /* AppDelegate.swift */,
				C3DB8FC727660904008EB57D /* SceneDelegate.swift */,
				C3DB8FC927660904008EB57D /* ViewController.swift */,
				C3DB8FCB27660904008EB57D /* Main.storyboard */,
				C3DB8FCE27660909008EB57D /* Assets.xcassets */,
				C3DB8FD027660909008EB57D /* LaunchScreen.storyboard */,
				C3DB8FD327660909008EB57D /* Info.plist */,
			);
			path = "North East South West";
			sourceTree = "<group>";
		};
		C3DB8FDB27660909008EB57D /* North East South WestTests */ = {
			isa = PBXGroup;
			children = (
				C3DB8FDC27660909008EB57D /* North_East_South_WestTests.swift */,
			);
			path = "North East South WestTests";
			sourceTree = "<group>";
		};
		C3DB8FE527660909008EB57D /* North East South WestUITests */ = {
			isa = PBXGroup;
			children = (
				C3DB8FE627660909008EB57D /* North_East_South_WestUITests.swift */,
				C3DB8FE827660909008EB57D /* North_East_South_WestUITestsLaunchTests.swift */,
			);
			path = "North East South WestUITests";
			sourceTree = "<group>";
		};
/* End PBXGroup section */

/* Begin PBXNativeTarget section */
		C3DB8FC127660904008EB57D /* North East South West */ = {
			isa = PBXNativeTarget;
			buildConfigurationList = C3DB8FEC27660909008EB57D /* Build configuration list for PBXNativeTarget "North East South West" */;
			buildPhases = (
				C3DB8FBE27660904008EB57D /* Sources */,
				C3DB8FBF27660904008EB57D /* Frameworks */,
				C3DB8FC027660904008EB57D /* Resources */,
			);
			buildRules = (
			);
			dependencies = (
			);
			name = "North East South West";
			productName = "North East South West";
			productReference = C3DB8FC227660904008EB57D /* North East South West.app */;
			productType = "com.apple.product-type.application";
		};
		C3DB8FD727660909008EB57D /* North East South WestTests */ = {
			isa = PBXNativeTarget;
			buildConfigurationList = C3DB8FEF27660909008EB57D /* Build configuration list for PBXNativeTarget "North East South WestTests" */;
			buildPhases = (
				C3DB8FD427660909008EB57D /* Sources */,
				C3DB8FD527660909008EB57D /* Frameworks */,
				C3DB8FD627660909008EB57D /* Resources */,
			);
			buildRules = (
			);
			dependencies = (
				C3DB8FDA27660909008EB57D /* PBXTargetDependency */,
			);
			name = "North East South WestTests";
			productName = "North East South WestTests";
			productReference = C3DB8FD827660909008EB57D /* North East South WestTests.xctest */;
			productType = "com.apple.product-type.bundle.unit-test";
		};
		C3DB8FE127660909008EB57D /* North East South WestUITests */ = {
			isa = PBXNativeTarget;
			buildConfigurationList = C3DB8FF227660909008EB57D /* Build configuration list for PBXNativeTarget "North East South WestUITests" */;
			buildPhases = (
				C3DB8FDE27660909008EB57D /* Sources */,
				C3DB8FDF27660909008EB57D /* Frameworks */,
				C3DB8FE027660909008EB57D /* Resources */,
			);
			buildRules = (
			);
			dependencies = (
				C3DB8FE427660909008EB57D /* PBXTargetDependency */,
			);
			name = "North East South WestUITests";
			productName = "North East South WestUITests";
			productReference = C3DB8FE227660909008EB57D /* North East South WestUITests.xctest */;
			productType = "com.apple.product-type.bundle.ui-testing";
		};
/* End PBXNativeTarget section */

/* Begin PBXProject section */
		C3DB8FBA27660904008EB57D /* Project object */ = {
			isa = PBXProject;
			attributes = {
				BuildIndependentTargetsInParallel = 1;
				LastSwiftUpdateCheck = 1310;
				LastUpgradeCheck = 1310;
				TargetAttributes = {
					C3DB8FC127660904008EB57D = {
						CreatedOnToolsVersion = 13.1;
					};
					C3DB8FD727660909008EB57D = {
						CreatedOnToolsVersion = 13.1;
						TestTargetID = C3DB8FC127660904008EB57D;
					};
					C3DB8FE127660909008EB57D = {
						CreatedOnToolsVersion = 13.1;
						TestTargetID = C3DB8FC127660904008EB57D;
					};
				};
			};
			buildConfigurationList = C3DB8FBD27660904008EB57D /* Build configuration list for PBXProject "North East South West" */;
			compatibilityVersion = "Xcode 13.0";
			developmentRegion = en;
			hasScannedForEncodings = 0;
			knownRegions = (
				en,
				Base,
			);
			mainGroup = C3DB8FB927660904008EB57D;
			productRefGroup = C3DB8FC327660904008EB57D /* Products */;
			projectDirPath = "";
			projectRoot = "";
			targets = (
				C3DB8FC127660904008EB57D /* North East South West */,
				C3DB8FD727660909008EB57D /* North East South WestTests */,
				C3DB8FE127660909008EB57D /* North East South WestUITests */,
			);
		};
/* End PBXProject section */

/* Begin PBXResourcesBuildPhase section */
		C3DB8FC027660904008EB57D /* Resources */ = {
			isa = PBXResourcesBuildPhase;
			buildActionMask = 2147483647;
			files = (
				C3DB8FD227660909008EB57D /* LaunchScreen.storyboard in Resources */,
				C3DB8FCF27660909008EB57D /* Assets.xcassets in Resources */,
				C3DB8FCD27660904008EB57D /* Main.storyboard in Resources */,
			);
			runOnlyForDeploymentPostprocessing = 0;
		};
		C3DB8FD627660909008EB57D /* Resources */ = {
			isa = PBXResourcesBuildPhase;
			buildActionMask = 2147483647;
			files = (
			);
			runOnlyForDeploymentPostprocessing = 0;
		};
		C3DB8FE027660909008EB57D /* Resources */ = {
			isa = PBXResourcesBuildPhase;
			buildActionMask = 2147483647;
			files = (
			);
			runOnlyForDeploymentPostprocessing = 0;
		};
/* End PBXResourcesBuildPhase section */

/* Begin PBXSourcesBuildPhase section */
		C3DB8FBE27660904008EB57D /* Sources */ = {
			isa = PBXSourcesBuildPhase;
			buildActionMask = 2147483647;
			files = (
				C3DB8FCA27660904008EB57D /* ViewController.swift in Sources */,
				C3DB8FC627660904008EB57D /* AppDelegate.swift in Sources */,
				C3DB8FC827660904008EB57D /* SceneDelegate.swift in Sources */,
			);
			runOnlyForDeploymentPostprocessing = 0;
		};
		C3DB8FD427660909008EB57D /* Sources */ = {
			isa = PBXSourcesBuildPhase;
			buildActionMask = 2147483647;
			files = (
				C3DB8FDD27660909008EB57D /* North_East_South_WestTests.swift in Sources */,
			);
			runOnlyForDeploymentPostprocessing = 0;
		};
		C3DB8FDE27660909008EB57D /* Sources */ = {
			isa = PBXSourcesBuildPhase;
			buildActionMask = 2147483647;
			files = (
				C3DB8FE927660909008EB57D /* North_East_South_WestUITestsLaunchTests.swift in Sources */,
				C3DB8FE727660909008EB57D /* North_East_South_WestUITests.swift in Sources */,
			);
			runOnlyForDeploymentPostprocessing = 0;
		};
/* End PBXSourcesBuildPhase section */

/* Begin PBXTargetDependency section */
		C3DB8FDA27660909008EB57D /* PBXTargetDependency */ = {
			isa = PBXTargetDependency;
			target = C3DB8FC127660904008EB57D /* North East South West */;
			targetProxy = C3DB8FD927660909008EB57D /* PBXContainerItemProxy */;
		};
		C3DB8FE427660909008EB57D /* PBXTargetDependency */ = {
			isa = PBXTargetDependency;
			target = C3DB8FC127660904008EB57D /* North East South West */;
			targetProxy = C3DB8FE327660909008EB57D /* PBXContainerItemProxy */;
		};
/* End PBXTargetDependency section */

/* Begin PBXVariantGroup section */
		C3DB8FCB27660904008EB57D /* Main.storyboard */ = {
			isa = PBXVariantGroup;
			children = (
				C3DB8FCC27660904008EB57D /* Base */,
			);
			name = Main.storyboard;
			sourceTree = "<group>";
		};
		C3DB8FD027660909008EB57D /* LaunchScreen.storyboard */ = {
			isa = PBXVariantGroup;
			children = (
				C3DB8FD127660909008EB57D /* Base */,
			);
			name = LaunchScreen.storyboard;
			sourceTree = "<group>";
		};
/* End PBXVariantGroup section */

/* Begin XCBuildConfiguration section */
		C3DB8FEA27660909008EB57D /* Debug */ = {
			isa = XCBuildConfiguration;
			buildSettings = {
				ALWAYS_SEARCH_USER_PATHS = NO;
				CLANG_ANALYZER_NONNULL = YES;
				CLANG_ANALYZER_NUMBER_OBJECT_CONVERSION = YES_AGGRESSIVE;
				CLANG_CXX_LANGUAGE_STANDARD = "gnu++17";
				CLANG_CXX_LIBRARY = "libc++";
				CLANG_ENABLE_MODULES = YES;
				CLANG_ENABLE_OBJC_ARC = YES;
				CLANG_ENABLE_OBJC_WEAK = YES;
				CLANG_WARN_BLOCK_CAPTURE_AUTORELEASING = YES;
				CLANG_WARN_BOOL_CONVERSION = YES;
				CLANG_WARN_COMMA = YES;
				CLANG_WARN_CONSTANT_CONVERSION = YES;
				CLANG_WARN_DEPRECATED_OBJC_IMPLEMENTATIONS = YES;
				CLANG_WARN_DIRECT_OBJC_ISA_USAGE = YES_ERROR;
				CLANG_WARN_DOCUMENTATION_COMMENTS = YES;
				CLANG_WARN_EMPTY_BODY = YES;
				CLANG_WARN_ENUM_CONVERSION = YES;
				CLANG_WARN_INFINITE_RECURSION = YES;
				CLANG_WARN_INT_CONVERSION = YES;
				CLANG_WARN_NON_LITERAL_NULL_CONVERSION = YES;
				CLANG_WARN_OBJC_IMPLICIT_RETAIN_SELF = YES;
				CLANG_WARN_OBJC_LITERAL_CONVERSION = YES;
				CLANG_WARN_OBJC_ROOT_CLASS = YES_ERROR;
				CLANG_WARN_QUOTED_INCLUDE_IN_FRAMEWORK_HEADER = YES;
				CLANG_WARN_RANGE_LOOP_ANALYSIS = YES;
				CLANG_WARN_STRICT_PROTOTYPES = YES;
				CLANG_WARN_SUSPICIOUS_MOVE = YES;
				CLANG_WARN_UNGUARDED_AVAILABILITY = YES_AGGRESSIVE;
				CLANG_WARN_UNREACHABLE_CODE = YES;
				CLANG_WARN__DUPLICATE_METHOD_MATCH = YES;
				COPY_PHASE_STRIP = NO;
				DEBUG_INFORMATION_FORMAT = dwarf;
				ENABLE_STRICT_OBJC_MSGSEND = YES;
				ENABLE_TESTABILITY = YES;
				GCC_C_LANGUAGE_STANDARD = gnu11;
				GCC_DYNAMIC_NO_PIC = NO;
				GCC_NO_COMMON_BLOCKS = YES;
				GCC_OPTIMIZATION_LEVEL = 0;
				GCC_PREPROCESSOR_DEFINITIONS = (
					"DEBUG=1",
					"$(inherited)",
				);
				GCC_WARN_64_TO_32_BIT_CONVERSION = YES;
				GCC_WARN_ABOUT_RETURN_TYPE = YES_ERROR;
				GCC_WARN_UNDECLARED_SELECTOR = YES;
				GCC_WARN_UNINITIALIZED_AUTOS = YES_AGGRESSIVE;
				GCC_WARN_UNUSED_FUNCTION = YES;
				GCC_WARN_UNUSED_VARIABLE = YES;
				IPHONEOS_DEPLOYMENT_TARGET = 15.0;
				MTL_ENABLE_DEBUG_INFO = INCLUDE_SOURCE;
				MTL_FAST_MATH = YES;
				ONLY_ACTIVE_ARCH = YES;
				SDKROOT = iphoneos;
				SWIFT_ACTIVE_COMPILATION_CONDITIONS = DEBUG;
				SWIFT_OPTIMIZATION_LEVEL = "-Onone";
			};
			name = Debug;
		};
		C3DB8FEB27660909008EB57D /* Release */ = {
			isa = XCBuildConfiguration;
			buildSettings = {
				ALWAYS_SEARCH_USER_PATHS = NO;
				CLANG_ANALYZER_NONNULL = YES;
				CLANG_ANALYZER_NUMBER_OBJECT_CONVERSION = YES_AGGRESSIVE;
				CLANG_CXX_LANGUAGE_STANDARD = "gnu++17";
				CLANG_CXX_LIBRARY = "libc++";
				CLANG_ENABLE_MODULES = YES;
				CLANG_ENABLE_OBJC_ARC = YES;
				CLANG_ENABLE_OBJC_WEAK = YES;
				CLANG_WARN_BLOCK_CAPTURE_AUTORELEASING = YES;
				CLANG_WARN_BOOL_CONVERSION = YES;
				CLANG_WARN_COMMA = YES;
				CLANG_WARN_CONSTANT_CONVERSION = YES;
				CLANG_WARN_DEPRECATED_OBJC_IMPLEMENTATIONS = YES;
				CLANG_WARN_DIRECT_OBJC_ISA_USAGE = YES_ERROR;
				CLANG_WARN_DOCUMENTATION_COMMENTS = YES;
				CLANG_WARN_EMPTY_BODY = YES;
				CLANG_WARN_ENUM_CONVERSION = YES;
				CLANG_WARN_INFINITE_RECURSION = YES;
				CLANG_WARN_INT_CONVERSION = YES;
				CLANG_WARN_NON_LITERAL_NULL_CONVERSION = YES;
				CLANG_WARN_OBJC_IMPLICIT_RETAIN_SELF = YES;
				CLANG_WARN_OBJC_LITERAL_CONVERSION = YES;
				CLANG_WARN_OBJC_ROOT_CLASS = YES_ERROR;
				CLANG_WARN_QUOTED_INCLUDE_IN_FRAMEWORK_HEADER = YES;
				CLANG_WARN_RANGE_LOOP_ANALYSIS = YES;
				CLANG_WARN_STRICT_PROTOTYPES = YES;
				CLANG_WARN_SUSPICIOUS_MOVE = YES;
				CLANG_WARN_UNGUARDED_AVAILABILITY = YES_AGGRESSIVE;
				CLANG_WARN_UNREACHABLE_CODE = YES;
				CLANG_WARN__DUPLICATE_METHOD_MATCH = YES;
				COPY_PHASE_STRIP = NO;
				DEBUG_INFORMATION_FORMAT = "dwarf-with-dsym";
				ENABLE_NS_ASSERTIONS = NO;
				ENABLE_STRICT_OBJC_MSGSEND = YES;
				GCC_C_LANGUAGE_STANDARD = gnu11;
				GCC_NO_COMMON_BLOCKS = YES;
				GCC_WARN_64_TO_32_BIT_CONVERSION = YES;
				GCC_WARN_ABOUT_RETURN_TYPE = YES_ERROR;
				GCC_WARN_UNDECLARED_SELECTOR = YES;
				GCC_WARN_UNINITIALIZED_AUTOS = YES_AGGRESSIVE;
				GCC_WARN_UNUSED_FUNCTION = YES;
				GCC_WARN_UNUSED_VARIABLE = YES;
				IPHONEOS_DEPLOYMENT_TARGET = 15.0;
				MTL_ENABLE_DEBUG_INFO = NO;
				MTL_FAST_MATH = YES;
				SDKROOT = iphoneos;
				SWIFT_COMPILATION_MODE = wholemodule;
				SWIFT_OPTIMIZATION_LEVEL = "-O";
				VALIDATE_PRODUCT = YES;
			};
			name = Release;
		};
		C3DB8FED27660909008EB57D /* Debug */ = {
			isa = XCBuildConfiguration;
			buildSettings = {
				ASSETCATALOG_COMPILER_APPICON_NAME = AppIcon;
				ASSETCATALOG_COMPILER_GLOBAL_ACCENT_COLOR_NAME = AccentColor;
				CODE_SIGN_STYLE = Automatic;
				CURRENT_PROJECT_VERSION = 1;
				DEVELOPMENT_TEAM = FP765K72GJ;
				GENERATE_INFOPLIST_FILE = YES;
				INFOPLIST_FILE = "North East South West/Info.plist";
				INFOPLIST_KEY_UIApplicationSupportsIndirectInputEvents = YES;
				INFOPLIST_KEY_UILaunchStoryboardName = LaunchScreen;
				INFOPLIST_KEY_UIMainStoryboardFile = Main;
				INFOPLIST_KEY_UISupportedInterfaceOrientations_iPad = "UIInterfaceOrientationPortrait UIInterfaceOrientationPortraitUpsideDown UIInterfaceOrientationLandscapeLeft UIInterfaceOrientationLandscapeRight";
				INFOPLIST_KEY_UISupportedInterfaceOrientations_iPhone = "UIInterfaceOrientationPortrait UIInterfaceOrientationLandscapeLeft UIInterfaceOrientationLandscapeRight";
				LD_RUNPATH_SEARCH_PATHS = (
					"$(inherited)",
					"@executable_path/Frameworks",
				);
				MARKETING_VERSION = 1.0;
				PRODUCT_BUNDLE_IDENTIFIER = "Latifah-AlMulhim.North-East-South-West";
				PRODUCT_NAME = "$(TARGET_NAME)";
				SWIFT_EMIT_LOC_STRINGS = YES;
				SWIFT_VERSION = 5.0;
				TARGETED_DEVICE_FAMILY = "1,2";
			};
			name = Debug;
		};
		C3DB8FEE27660909008EB57D /* Release */ = {
			isa = XCBuildConfiguration;
			buildSettings = {
				ASSETCATALOG_COMPILER_APPICON_NAME = AppIcon;
				ASSETCATALOG_COMPILER_GLOBAL_ACCENT_COLOR_NAME = AccentColor;
				CODE_SIGN_STYLE = Automatic;
				CURRENT_PROJECT_VERSION = 1;
				DEVELOPMENT_TEAM = FP765K72GJ;
				GENERATE_INFOPLIST_FILE = YES;
				INFOPLIST_FILE = "North East South West/Info.plist";
				INFOPLIST_KEY_UIApplicationSupportsIndirectInputEvents = YES;
				INFOPLIST_KEY_UILaunchStoryboardName = LaunchScreen;
				INFOPLIST_KEY_UIMainStoryboardFile = Main;
				INFOPLIST_KEY_UISupportedInterfaceOrientations_iPad = "UIInterfaceOrientationPortrait UIInterfaceOrientationPortraitUpsideDown UIInterfaceOrientationLandscapeLeft UIInterfaceOrientationLandscapeRight";
				INFOPLIST_KEY_UISupportedInterfaceOrientations_iPhone = "UIInterfaceOrientationPortrait UIInterfaceOrientationLandscapeLeft UIInterfaceOrientationLandscapeRight";
				LD_RUNPATH_SEARCH_PATHS = (
					"$(inherited)",
					"@executable_path/Frameworks",
				);
				MARKETING_VERSION = 1.0;
				PRODUCT_BUNDLE_IDENTIFIER = "Latifah-AlMulhim.North-East-South-West";
				PRODUCT_NAME = "$(TARGET_NAME)";
				SWIFT_EMIT_LOC_STRINGS = YES;
				SWIFT_VERSION = 5.0;
				TARGETED_DEVICE_FAMILY = "1,2";
			};
			name = Release;
		};
		C3DB8FF027660909008EB57D /* Debug */ = {
			isa = XCBuildConfiguration;
			buildSettings = {
				ALWAYS_EMBED_SWIFT_STANDARD_LIBRARIES = YES;
				BUNDLE_LOADER = "$(TEST_HOST)";
				CODE_SIGN_STYLE = Automatic;
				CURRENT_PROJECT_VERSION = 1;
				DEVELOPMENT_TEAM = FP765K72GJ;
				GENERATE_INFOPLIST_FILE = YES;
				IPHONEOS_DEPLOYMENT_TARGET = 15.0;
				LD_RUNPATH_SEARCH_PATHS = (
					"$(inherited)",
					"@executable_path/Frameworks",
					"@loader_path/Frameworks",
				);
				MARKETING_VERSION = 1.0;
				PRODUCT_BUNDLE_IDENTIFIER = "Latifah-AlMulhim.North-East-South-WestTests";
				PRODUCT_NAME = "$(TARGET_NAME)";
				SWIFT_EMIT_LOC_STRINGS = NO;
				SWIFT_VERSION = 5.0;
				TARGETED_DEVICE_FAMILY = "1,2";
				TEST_HOST = "$(BUILT_PRODUCTS_DIR)/North East South West.app/North East South West";
			};
			name = Debug;
		};
		C3DB8FF127660909008EB57D /* Release */ = {
			isa = XCBuildConfiguration;
			buildSettings = {
				ALWAYS_EMBED_SWIFT_STANDARD_LIBRARIES = YES;
				BUNDLE_LOADER = "$(TEST_HOST)";
				CODE_SIGN_STYLE = Automatic;
				CURRENT_PROJECT_VERSION = 1;
				DEVELOPMENT_TEAM = FP765K72GJ;
				GENERATE_INFOPLIST_FILE = YES;
				IPHONEOS_DEPLOYMENT_TARGET = 15.0;
				LD_RUNPATH_SEARCH_PATHS = (
					"$(inherited)",
					"@executable_path/Frameworks",
					"@loader_path/Frameworks",
				);
				MARKETING_VERSION = 1.0;
				PRODUCT_BUNDLE_IDENTIFIER = "Latifah-AlMulhim.North-East-South-WestTests";
				PRODUCT_NAME = "$(TARGET_NAME)";
				SWIFT_EMIT_LOC_STRINGS = NO;
				SWIFT_VERSION = 5.0;
				TARGETED_DEVICE_FAMILY = "1,2";
				TEST_HOST = "$(BUILT_PRODUCTS_DIR)/North East South West.app/North East South West";
			};
			name = Release;
		};
		C3DB8FF327660909008EB57D /* Debug */ = {
			isa = XCBuildConfiguration;
			buildSettings = {
				ALWAYS_EMBED_SWIFT_STANDARD_LIBRARIES = YES;
				CODE_SIGN_STYLE = Automatic;
				CURRENT_PROJECT_VERSION = 1;
				DEVELOPMENT_TEAM = FP765K72GJ;
				GENERATE_INFOPLIST_FILE = YES;
				LD_RUNPATH_SEARCH_PATHS = (
					"$(inherited)",
					"@executable_path/Frameworks",
					"@loader_path/Frameworks",
				);
				MARKETING_VERSION = 1.0;
				PRODUCT_BUNDLE_IDENTIFIER = "Latifah-AlMulhim.North-East-South-WestUITests";
				PRODUCT_NAME = "$(TARGET_NAME)";
				SWIFT_EMIT_LOC_STRINGS = NO;
				SWIFT_VERSION = 5.0;
				TARGETED_DEVICE_FAMILY = "1,2";
				TEST_TARGET_NAME = "North East South West";
			};
			name = Debug;
		};
		C3DB8FF427660909008EB57D /* Release */ = {
			isa = XCBuildConfiguration;
			buildSettings = {
				ALWAYS_EMBED_SWIFT_STANDARD_LIBRARIES = YES;
				CODE_SIGN_STYLE = Automatic;
				CURRENT_PROJECT_VERSION = 1;
				DEVELOPMENT_TEAM = FP765K72GJ;
				GENERATE_INFOPLIST_FILE = YES;
				LD_RUNPATH_SEARCH_PATHS = (
					"$(inherited)",
					"@executable_path/Frameworks",
					"@loader_path/Frameworks",
				);
				MARKETING_VERSION = 1.0;
				PRODUCT_BUNDLE_IDENTIFIER = "Latifah-AlMulhim.North-East-South-WestUITests";
				PRODUCT_NAME = "$(TARGET_NAME)";
				SWIFT_EMIT_LOC_STRINGS = NO;
				SWIFT_VERSION = 5.0;
				TARGETED_DEVICE_FAMILY = "1,2";
				TEST_TARGET_NAME = "North East South West";
			};
			name = Release;
		};
/* End XCBuildConfiguration section */

/* Begin XCConfigurationList section */
		C3DB8FBD27660904008EB57D /* Build configuration list for PBXProject "North East South West" */ = {
			isa = XCConfigurationList;
			buildConfigurations = (
				C3DB8FEA27660909008EB57D /* Debug */,
				C3DB8FEB27660909008EB57D /* Release */,
			);
			defaultConfigurationIsVisible = 0;
			defaultConfigurationName = Release;
		};
		C3DB8FEC27660909008EB57D /* Build configuration list for PBXNativeTarget "North East South West" */ = {
			isa = XCConfigurationList;
			buildConfigurations = (
				C3DB8FED27660909008EB57D /* Debug */,
				C3DB8FEE27660909008EB57D /* Release */,
			);
			defaultConfigurationIsVisible = 0;
			defaultConfigurationName = Release;
		};
		C3DB8FEF27660909008EB57D /* Build configuration list for PBXNativeTarget "North East South WestTests" */ = {
			isa = XCConfigurationList;
			buildConfigurations = (
				C3DB8FF027660909008EB57D /* Debug */,
				C3DB8FF127660909008EB57D /* Release */,
			);
			defaultConfigurationIsVisible = 0;
			defaultConfigurationName = Release;
		};
		C3DB8FF227660909008EB57D /* Build configuration list for PBXNativeTarget "North East South WestUITests" */ = {
			isa = XCConfigurationList;
			buildConfigurations = (
				C3DB8FF327660909008EB57D /* Debug */,
				C3DB8FF427660909008EB57D /* Release */,
			);
			defaultConfigurationIsVisible = 0;
			defaultConfigurationName = Release;
		};
/* End XCConfigurationList section */
	};
	rootObject = C3DB8FBA27660904008EB57D /* Project object */;
}
